PODS:
  - HappyDNS (0.3.15)
  - libminipng (0.5.6)
  - Qiniu (7.3.2)

DEPENDENCIES:
  - HappyDNS
  - libminipng
  - Qiniu

SPEC REPOS:
  trunk:
    - HappyDNS
    - libminipng
    - Qiniu

SPEC CHECKSUMS:
  HappyDNS: 00c15e651a347206e58a20503a32a5564589b56a
  libminipng: a44c35d06b9d54d6640acdf97f4500c034748abb
  Qiniu: a248627a07bb8a39c6a11ae8059b7161c363539b

PODFILE CHECKSUM: 616f95107fef44e9f88636a619b607d7c5d00a0b

COCOAPODS: 1.8.4
