PODS:
  - HappyDNS (0.3.17)
  - libminipng (0.0.5)
  - Qiniu (7.4.4):
    - HappyDNS (~> 0.3.17)

DEPENDENCIES:
  - libminipng (= 0.0.5)
  - Qiniu (= 7.4.4)

SPEC REPOS:
  https://github.com/cocoapods/specs.git:
    - HappyDNS
    - libminipng
    - Qiniu

SPEC CHECKSUMS:
  HappyDNS: 848ef73e24f2b0e2752064223ce2dc0dd88900ea
  libminipng: c5f4492bf378d3de8dfa3afd4c4372480f52fa9f
  Qiniu: 529d25de615c6ad1cb587f9d165a160d98e9fac9

PODFILE CHECKSUM: 5662bc86842a38daea094524d11a52c952140e90

COCOAPODS: 1.7.5
